
Microsoft Visual Studio Solution File, Format Version 12.00
# Visual Studio Version 17
VisualStudioVersion = 17.0.32002.185
MinimumVisualStudioVersion = 10.0.40219.1
Project("{9A19103F-16F7-4668-BE54-9A1E7A4F7556}") = "aoc2021day16", "aoc2021day16.csproj", "{7048DF4E-7A34-41C1-9665-8F6AC0F22D66}"
EndProject
Project("{FAE04EC0-301F-11D3-BF4B-00C04F79EFBC}") = "aoc2021day16.tests", "..\aoc2021day16.tests\aoc2021day16.tests.csproj", "{E7BAC113-3C41-43CA-9599-4538E7154A3F}"
EndProject
Global
	GlobalSection(SolutionConfigurationPlatforms) = preSolution
		Debug|Any CPU = Debug|Any CPU
		Release|Any CPU = Release|Any CPU
	EndGlobalSection
	GlobalSection(ProjectConfigurationPlatforms) = postSolution
		{7048DF4E-7A34-41C1-9665-8F6AC0F22D66}.Debug|Any CPU.ActiveCfg = Debug|Any CPU
		{7048DF4E-7A34-41C1-9665-8F6AC0F22D66}.Debug|Any CPU.Build.0 = Debug|Any CPU
		{7048DF4E-7A34-41C1-9665-8F6AC0F22D66}.Release|Any CPU.ActiveCfg = Release|Any CPU
		{7048DF4E-7A34-41C1-9665-8F6AC0F22D66}.Release|Any CPU.Build.0 = Release|Any CPU
		{E7BAC113-3C41-43CA-9599-4538E7154A3F}.Debug|Any CPU.ActiveCfg = Debug|Any CPU
		{E7BAC113-3C41-43CA-9599-4538E7154A3F}.Debug|Any CPU.Build.0 = Debug|Any CPU
		{E7BAC113-3C41-43CA-9599-4538E7154A3F}.Release|Any CPU.ActiveCfg = Release|Any CPU
		{E7BAC113-3C41-43CA-9599-4538E7154A3F}.Release|Any CPU.Build.0 = Release|Any CPU
	EndGlobalSection
	GlobalSection(SolutionProperties) = preSolution
		HideSolutionNode = FALSE
	EndGlobalSection
	GlobalSection(ExtensibilityGlobals) = postSolution
		SolutionGuid = {EEE7E315-0A19-4077-86CF-40E461A195A2}
	EndGlobalSection
EndGlobal
